// !$*UTF8*$!
{
	archiveVersion = 1;
	classes = {
	};
	objectVersion = 55;
	objects = {

/* Begin PBXBuildFile section */
		3F6D36719174EA16C79D3F04 /* Pods_TestGitApp.framework in Frameworks */ = {isa = PBXBuildFile; fileRef = 10220EEBDBCB6B2BF33041C8 /* Pods_TestGitApp.framework */; };
		A2BBFEED2756D2D0007C7AD3 /* AppDelegate.swift in Sources */ = {isa = PBXBuildFile; fileRef = A2BBFEEC2756D2D0007C7AD3 /* AppDelegate.swift */; };
		A2BBFEEF2756D2D0007C7AD3 /* SceneDelegate.swift in Sources */ = {isa = PBXBuildFile; fileRef = A2BBFEEE2756D2D0007C7AD3 /* SceneDelegate.swift */; };
		A2BBFEF12756D2D0007C7AD3 /* ViewController.swift in Sources */ = {isa = PBXBuildFile; fileRef = A2BBFEF02756D2D0007C7AD3 /* ViewController.swift */; };
		A2BBFEF42756D2D0007C7AD3 /* Main.storyboard in Resources */ = {isa = PBXBuildFile; fileRef = A2BBFEF22756D2D0007C7AD3 /* Main.storyboard */; };
		A2BBFEF62756D2D0007C7AD3 /* Assets.xcassets in Resources */ = {isa = PBXBuildFile; fileRef = A2BBFEF52756D2D0007C7AD3 /* Assets.xcassets */; };
		A2BBFEF92756D2D0007C7AD3 /* LaunchScreen.storyboard in Resources */ = {isa = PBXBuildFile; fileRef = A2BBFEF72756D2D0007C7AD3 /* LaunchScreen.storyboard */; };
/* End PBXBuildFile section */

/* Begin PBXFileReference section */
		10220EEBDBCB6B2BF33041C8 /* Pods_TestGitApp.framework */ = {isa = PBXFileReference; explicitFileType = wrapper.framework; includeInIndex = 0; path = Pods_TestGitApp.framework; sourceTree = BUILT_PRODUCTS_DIR; };
		47BA6E1AC9A051FE8C29A2F3 /* Pods-TestGitApp.debug.xcconfig */ = {isa = PBXFileReference; includeInIndex = 1; lastKnownFileType = text.xcconfig; name = "Pods-TestGitApp.debug.xcconfig"; path = "Target Support Files/Pods-TestGitApp/Pods-TestGitApp.debug.xcconfig"; sourceTree = "<group>"; };
		A2BBFEE92756D2D0007C7AD3 /* TestGitApp.app */ = {isa = PBXFileReference; explicitFileType = wrapper.application; includeInIndex = 0; path = TestGitApp.app; sourceTree = BUILT_PRODUCTS_DIR; };
		A2BBFEEC2756D2D0007C7AD3 /* AppDelegate.swift */ = {isa = PBXFileReference; lastKnownFileType = sourcecode.swift; path = AppDelegate.swift; sourceTree = "<group>"; };
		A2BBFEEE2756D2D0007C7AD3 /* SceneDelegate.swift */ = {isa = PBXFileReference; lastKnownFileType = sourcecode.swift; path = SceneDelegate.swift; sourceTree = "<group>"; };
		A2BBFEF02756D2D0007C7AD3 /* ViewController.swift */ = {isa = PBXFileReference; lastKnownFileType = sourcecode.swift; path = ViewController.swift; sourceTree = "<group>"; };
		A2BBFEF32756D2D0007C7AD3 /* Base */ = {isa = PBXFileReference; lastKnownFileType = file.storyboard; name = Base; path = Base.lproj/Main.storyboard; sourceTree = "<group>"; };
		A2BBFEF52756D2D0007C7AD3 /* Assets.xcassets */ = {isa = PBXFileReference; lastKnownFileType = folder.assetcatalog; path = Assets.xcassets; sourceTree = "<group>"; };
		A2BBFEF82756D2D0007C7AD3 /* Base */ = {isa = PBXFileReference; lastKnownFileType = file.storyboard; name = Base; path = Base.lproj/LaunchScreen.storyboard; sourceTree = "<group>"; };
		A2BBFEFA2756D2D0007C7AD3 /* Info.plist */ = {isa = PBXFileReference; lastKnownFileType = text.plist.xml; path = Info.plist; sourceTree = "<group>"; };
		B595EA5DB6EA5E70AF206636 /* Pods-TestGitApp.release.xcconfig */ = {isa = PBXFileReference; includeInIndex = 1; lastKnownFileType = text.xcconfig; name = "Pods-TestGitApp.release.xcconfig"; path = "Target Support Files/Pods-TestGitApp/Pods-TestGitApp.release.xcconfig"; sourceTree = "<group>"; };
/* End PBXFileReference section */

/* Begin PBXFrameworksBuildPhase section */
		A2BBFEE62756D2D0007C7AD3 /* Frameworks */ = {
			isa = PBXFrameworksBuildPhase;
			buildActionMask = 2147483647;
			files = (
				3F6D36719174EA16C79D3F04 /* Pods_TestGitApp.framework in Frameworks */,
			);
			runOnlyForDeploymentPostprocessing = 0;
		};
/* End PBXFrameworksBuildPhase section */

/* Begin PBXGroup section */
		23EEC6C75F23C2399F129009 /* Frameworks */ = {
			isa = PBXGroup;
			children = (
				10220EEBDBCB6B2BF33041C8 /* Pods_TestGitApp.framework */,
			);
			name = Frameworks;
			sourceTree = "<group>";
		};
		A2BBFEE02756D2D0007C7AD3 = {
			isa = PBXGroup;
			children = (
				A2BBFEEB2756D2D0007C7AD3 /* TestGitApp */,
				A2BBFEEA2756D2D0007C7AD3 /* Products */,
				F43FA7BEADEB15B43210ED37 /* Pods */,
				23EEC6C75F23C2399F129009 /* Frameworks */,
			);
			sourceTree = "<group>";
		};
		A2BBFEEA2756D2D0007C7AD3 /* Products */ = {
			isa = PBXGroup;
			children = (
				A2BBFEE92756D2D0007C7AD3 /* TestGitApp.app */,
			);
			name = Products;
			sourceTree = "<group>";
		};
		A2BBFEEB2756D2D0007C7AD3 /* TestGitApp */ = {
			isa = PBXGroup;
			children = (
				A2BBFEEC2756D2D0007C7AD3 /* AppDelegate.swift */,
				A2BBFEEE2756D2D0007C7AD3 /* SceneDelegate.swift */,
				A2BBFEF02756D2D0007C7AD3 /* ViewController.swift */,
				A2BBFEF22756D2D0007C7AD3 /* Main.storyboard */,
				A2BBFEF52756D2D0007C7AD3 /* Assets.xcassets */,
				A2BBFEF72756D2D0007C7AD3 /* LaunchScreen.storyboard */,
				A2BBFEFA2756D2D0007C7AD3 /* Info.plist */,
			);
			path = TestGitApp;
			sourceTree = "<group>";
		};
		F43FA7BEADEB15B43210ED37 /* Pods */ = {
			isa = PBXGroup;
			children = (
				47BA6E1AC9A051FE8C29A2F3 /* Pods-TestGitApp.debug.xcconfig */,
				B595EA5DB6EA5E70AF206636 /* Pods-TestGitApp.release.xcconfig */,
			);
			name = Pods;
			path = Pods;
			sourceTree = "<group>";
		};
/* End PBXGroup section */

/* Begin PBXNativeTarget section */
		A2BBFEE82756D2D0007C7AD3 /* TestGitApp */ = {
			isa = PBXNativeTarget;
			buildConfigurationList = A2BBFEFD2756D2D0007C7AD3 /* Build configuration list for PBXNativeTarget "TestGitApp" */;
			buildPhases = (
				D4C5B9F7C6B5537BA0B180A9 /* [CP] Check Pods Manifest.lock */,
				A2BBFEE52756D2D0007C7AD3 /* Sources */,
				A2BBFEE62756D2D0007C7AD3 /* Frameworks */,
				A2BBFEE72756D2D0007C7AD3 /* Resources */,
				FBFE90ED47DFAB5C24FA3AF7 /* [CP] Embed Pods Frameworks */,
			);
			buildRules = (
			);
			dependencies = (
			);
			name = TestGitApp;
			productName = TestGitApp;
			productReference = A2BBFEE92756D2D0007C7AD3 /* TestGitApp.app */;
			productType = "com.apple.product-type.application";
		};
/* End PBXNativeTarget section */

/* Begin PBXProject section */
		A2BBFEE12756D2D0007C7AD3 /* Project object */ = {
			isa = PBXProject;
			attributes = {
				BuildIndependentTargetsInParallel = 1;
				LastSwiftUpdateCheck = 1310;
				LastUpgradeCheck = 1310;
				TargetAttributes = {
					A2BBFEE82756D2D0007C7AD3 = {
						CreatedOnToolsVersion = 13.1;
					};
				};
			};
			buildConfigurationList = A2BBFEE42756D2D0007C7AD3 /* Build configuration list for PBXProject "TestGitApp" */;
			compatibilityVersion = "Xcode 13.0";
			developmentRegion = en;
			hasScannedForEncodings = 0;
			knownRegions = (
				en,
				Base,
			);
			mainGroup = A2BBFEE02756D2D0007C7AD3;
			productRefGroup = A2BBFEEA2756D2D0007C7AD3 /* Products */;
			projectDirPath = "";
			projectRoot = "";
			targets = (
				A2BBFEE82756D2D0007C7AD3 /* TestGitApp */,
			);
		};
/* End PBXProject section */

/* Begin PBXResourcesBuildPhase section */
		A2BBFEE72756D2D0007C7AD3 /* Resources */ = {
			isa = PBXResourcesBuildPhase;
			buildActionMask = 2147483647;
			files = (
				A2BBFEF92756D2D0007C7AD3 /* LaunchScreen.storyboard in Resources */,
				A2BBFEF62756D2D0007C7AD3 /* Assets.xcassets in Resources */,
				A2BBFEF42756D2D0007C7AD3 /* Main.storyboard in Resources */,
			);
			runOnlyForDeploymentPostprocessing = 0;
		};
/* End PBXResourcesBuildPhase section */

/* Begin PBXShellScriptBuildPhase section */
		D4C5B9F7C6B5537BA0B180A9 /* [CP] Check Pods Manifest.lock */ = {
			isa = PBXShellScriptBuildPhase;
			buildActionMask = 2147483647;
			files = (
			);
			inputFileListPaths = (
			);
			inputPaths = (
				"${PODS_PODFILE_DIR_PATH}/Podfile.lock",
				"${PODS_ROOT}/Manifest.lock",
			);
			name = "[CP] Check Pods Manifest.lock";
			outputFileListPaths = (
			);
			outputPaths = (
				"$(DERIVED_FILE_DIR)/Pods-TestGitApp-checkManifestLockResult.txt",
			);
			runOnlyForDeploymentPostprocessing = 0;
			shellPath = /bin/sh;
			shellScript = "diff \"${PODS_PODFILE_DIR_PATH}/Podfile.lock\" \"${PODS_ROOT}/Manifest.lock\" > /dev/null\nif [ $? != 0 ] ; then\n    # print error to STDERR\n    echo \"error: The sandbox is not in sync with the Podfile.lock. Run 'pod install' or update your CocoaPods installation.\" >&2\n    exit 1\nfi\n# This output is used by Xcode 'outputs' to avoid re-running this script phase.\necho \"SUCCESS\" > \"${SCRIPT_OUTPUT_FILE_0}\"\n";
			showEnvVarsInLog = 0;
		};
		FBFE90ED47DFAB5C24FA3AF7 /* [CP] Embed Pods Frameworks */ = {
			isa = PBXShellScriptBuildPhase;
			buildActionMask = 2147483647;
			files = (
			);
			inputFileListPaths = (
				"${PODS_ROOT}/Target Support Files/Pods-TestGitApp/Pods-TestGitApp-frameworks-${CONFIGURATION}-input-files.xcfilelist",
			);
			name = "[CP] Embed Pods Frameworks";
			outputFileListPaths = (
				"${PODS_ROOT}/Target Support Files/Pods-TestGitApp/Pods-TestGitApp-frameworks-${CONFIGURATION}-output-files.xcfilelist",
			);
			runOnlyForDeploymentPostprocessing = 0;
			shellPath = /bin/sh;
			shellScript = "\"${PODS_ROOT}/Target Support Files/Pods-TestGitApp/Pods-TestGitApp-frameworks.sh\"\n";
			showEnvVarsInLog = 0;
		};
/* End PBXShellScriptBuildPhase section */

/* Begin PBXSourcesBuildPhase section */
		A2BBFEE52756D2D0007C7AD3 /* Sources */ = {
			isa = PBXSourcesBuildPhase;
			buildActionMask = 2147483647;
			files = (
				A2BBFEF12756D2D0007C7AD3 /* ViewController.swift in Sources */,
				A2BBFEED2756D2D0007C7AD3 /* AppDelegate.swift in Sources */,
				A2BBFEEF2756D2D0007C7AD3 /* SceneDelegate.swift in Sources */,
			);
			runOnlyForDeploymentPostprocessing = 0;
		};
/* End PBXSourcesBuildPhase section */

/* Begin PBXVariantGroup section */
		A2BBFEF22756D2D0007C7AD3 /* Main.storyboard */ = {
			isa = PBXVariantGroup;
			children = (
				A2BBFEF32756D2D0007C7AD3 /* Base */,
			);
			name = Main.storyboard;
			sourceTree = "<group>";
		};
		A2BBFEF72756D2D0007C7AD3 /* LaunchScreen.storyboard */ = {
			isa = PBXVariantGroup;
			children = (
				A2BBFEF82756D2D0007C7AD3 /* Base */,
			);
			name = LaunchScreen.storyboard;
			sourceTree = "<group>";
		};
/* End PBXVariantGroup section */

/* Begin XCBuildConfiguration section */
		A2BBFEFB2756D2D0007C7AD3 /* Debug */ = {
			isa = XCBuildConfiguration;
			buildSettings = {
				ALWAYS_SEARCH_USER_PATHS = NO;
				CLANG_ANALYZER_NONNULL = YES;
				CLANG_ANALYZER_NUMBER_OBJECT_CONVERSION = YES_AGGRESSIVE;
				CLANG_CXX_LANGUAGE_STANDARD = "gnu++17";
				CLANG_CXX_LIBRARY = "libc++";
				CLANG_ENABLE_MODULES = YES;
				CLANG_ENABLE_OBJC_ARC = YES;
				CLANG_ENABLE_OBJC_WEAK = YES;
				CLANG_WARN_BLOCK_CAPTURE_AUTORELEASING = YES;
				CLANG_WARN_BOOL_CONVERSION = YES;
				CLANG_WARN_COMMA = YES;
				CLANG_WARN_CONSTANT_CONVERSION = YES;
				CLANG_WARN_DEPRECATED_OBJC_IMPLEMENTATIONS = YES;
				CLANG_WARN_DIRECT_OBJC_ISA_USAGE = YES_ERROR;
				CLANG_WARN_DOCUMENTATION_COMMENTS = YES;
				CLANG_WARN_EMPTY_BODY = YES;
				CLANG_WARN_ENUM_CONVERSION = YES;
				CLANG_WARN_INFINITE_RECURSION = YES;
				CLANG_WARN_INT_CONVERSION = YES;
				CLANG_WARN_NON_LITERAL_NULL_CONVERSION = YES;
				CLANG_WARN_OBJC_IMPLICIT_RETAIN_SELF = YES;
				CLANG_WARN_OBJC_LITERAL_CONVERSION = YES;
				CLANG_WARN_OBJC_ROOT_CLASS = YES_ERROR;
				CLANG_WARN_QUOTED_INCLUDE_IN_FRAMEWORK_HEADER = YES;
				CLANG_WARN_RANGE_LOOP_ANALYSIS = YES;
				CLANG_WARN_STRICT_PROTOTYPES = YES;
				CLANG_WARN_SUSPICIOUS_MOVE = YES;
				CLANG_WARN_UNGUARDED_AVAILABILITY = YES_AGGRESSIVE;
				CLANG_WARN_UNREACHABLE_CODE = YES;
				CLANG_WARN__DUPLICATE_METHOD_MATCH = YES;
				COPY_PHASE_STRIP = NO;
				DEBUG_INFORMATION_FORMAT = dwarf;
				ENABLE_STRICT_OBJC_MSGSEND = YES;
				ENABLE_TESTABILITY = YES;
				GCC_C_LANGUAGE_STANDARD = gnu11;
				GCC_DYNAMIC_NO_PIC = NO;
				GCC_NO_COMMON_BLOCKS = YES;
				GCC_OPTIMIZATION_LEVEL = 0;
				GCC_PREPROCESSOR_DEFINITIONS = (
					"DEBUG=1",
					"$(inherited)",
				);
				GCC_WARN_64_TO_32_BIT_CONVERSION = YES;
				GCC_WARN_ABOUT_RETURN_TYPE = YES_ERROR;
				GCC_WARN_UNDECLARED_SELECTOR = YES;
				GCC_WARN_UNINITIALIZED_AUTOS = YES_AGGRESSIVE;
				GCC_WARN_UNUSED_FUNCTION = YES;
				GCC_WARN_UNUSED_VARIABLE = YES;
				IPHONEOS_DEPLOYMENT_TARGET = 15.0;
				MTL_ENABLE_DEBUG_INFO = INCLUDE_SOURCE;
				MTL_FAST_MATH = YES;
				ONLY_ACTIVE_ARCH = YES;
				SDKROOT = iphoneos;
				SWIFT_ACTIVE_COMPILATION_CONDITIONS = DEBUG;
				SWIFT_OPTIMIZATION_LEVEL = "-Onone";
			};
			name = Debug;
		};
		A2BBFEFC2756D2D0007C7AD3 /* Release */ = {
			isa = XCBuildConfiguration;
			buildSettings = {
				ALWAYS_SEARCH_USER_PATHS = NO;
				CLANG_ANALYZER_NONNULL = YES;
				CLANG_ANALYZER_NUMBER_OBJECT_CONVERSION = YES_AGGRESSIVE;
				CLANG_CXX_LANGUAGE_STANDARD = "gnu++17";
				CLANG_CXX_LIBRARY = "libc++";
				CLANG_ENABLE_MODULES = YES;
				CLANG_ENABLE_OBJC_ARC = YES;
				CLANG_ENABLE_OBJC_WEAK = YES;
				CLANG_WARN_BLOCK_CAPTURE_AUTORELEASING = YES;
				CLANG_WARN_BOOL_CONVERSION = YES;
				CLANG_WARN_COMMA = YES;
				CLANG_WARN_CONSTANT_CONVERSION = YES;
				CLANG_WARN_DEPRECATED_OBJC_IMPLEMENTATIONS = YES;
				CLANG_WARN_DIRECT_OBJC_ISA_USAGE = YES_ERROR;
				CLANG_WARN_DOCUMENTATION_COMMENTS = YES;
				CLANG_WARN_EMPTY_BODY = YES;
				CLANG_WARN_ENUM_CONVERSION = YES;
				CLANG_WARN_INFINITE_RECURSION = YES;
				CLANG_WARN_INT_CONVERSION = YES;
				CLANG_WARN_NON_LITERAL_NULL_CONVERSION = YES;
				CLANG_WARN_OBJC_IMPLICIT_RETAIN_SELF = YES;
				CLANG_WARN_OBJC_LITERAL_CONVERSION = YES;
				CLANG_WARN_OBJC_ROOT_CLASS = YES_ERROR;
				CLANG_WARN_QUOTED_INCLUDE_IN_FRAMEWORK_HEADER = YES;
				CLANG_WARN_RANGE_LOOP_ANALYSIS = YES;
				CLANG_WARN_STRICT_PROTOTYPES = YES;
				CLANG_WARN_SUSPICIOUS_MOVE = YES;
				CLANG_WARN_UNGUARDED_AVAILABILITY = YES_AGGRESSIVE;
				CLANG_WARN_UNREACHABLE_CODE = YES;
				CLANG_WARN__DUPLICATE_METHOD_MATCH = YES;
				COPY_PHASE_STRIP = NO;
				DEBUG_INFORMATION_FORMAT = "dwarf-with-dsym";
				ENABLE_NS_ASSERTIONS = NO;
				ENABLE_STRICT_OBJC_MSGSEND = YES;
				GCC_C_LANGUAGE_STANDARD = gnu11;
				GCC_NO_COMMON_BLOCKS = YES;
				GCC_WARN_64_TO_32_BIT_CONVERSION = YES;
				GCC_WARN_ABOUT_RETURN_TYPE = YES_ERROR;
				GCC_WARN_UNDECLARED_SELECTOR = YES;
				GCC_WARN_UNINITIALIZED_AUTOS = YES_AGGRESSIVE;
				GCC_WARN_UNUSED_FUNCTION = YES;
				GCC_WARN_UNUSED_VARIABLE = YES;
				IPHONEOS_DEPLOYMENT_TARGET = 15.0;
				MTL_ENABLE_DEBUG_INFO = NO;
				MTL_FAST_MATH = YES;
				SDKROOT = iphoneos;
				SWIFT_COMPILATION_MODE = wholemodule;
				SWIFT_OPTIMIZATION_LEVEL = "-O";
				VALIDATE_PRODUCT = YES;
			};
			name = Release;
		};
		A2BBFEFE2756D2D0007C7AD3 /* Debug */ = {
			isa = XCBuildConfiguration;
			baseConfigurationReference = 47BA6E1AC9A051FE8C29A2F3 /* Pods-TestGitApp.debug.xcconfig */;
			buildSettings = {
				ASSETCATALOG_COMPILER_APPICON_NAME = AppIcon;
				ASSETCATALOG_COMPILER_GLOBAL_ACCENT_COLOR_NAME = AccentColor;
				CODE_SIGN_STYLE = Automatic;
				CURRENT_PROJECT_VERSION = 1;
				DEVELOPMENT_TEAM = S75KQYF72G;
				GENERATE_INFOPLIST_FILE = YES;
				INFOPLIST_FILE = TestGitApp/Info.plist;
				INFOPLIST_KEY_UIApplicationSupportsIndirectInputEvents = YES;
				INFOPLIST_KEY_UILaunchStoryboardName = LaunchScreen;
				INFOPLIST_KEY_UIMainStoryboardFile = Main;
				INFOPLIST_KEY_UISupportedInterfaceOrientations_iPad = "UIInterfaceOrientationPortrait UIInterfaceOrientationPortraitUpsideDown UIInterfaceOrientationLandscapeLeft UIInterfaceOrientationLandscapeRight";
				INFOPLIST_KEY_UISupportedInterfaceOrientations_iPhone = "UIInterfaceOrientationPortrait UIInterfaceOrientationLandscapeLeft UIInterfaceOrientationLandscapeRight";
				LD_RUNPATH_SEARCH_PATHS = (
					"$(inherited)",
					"@executable_path/Frameworks",
				);
				MARKETING_VERSION = 1.0;
				PRODUCT_BUNDLE_IDENTIFIER = ITIS.TestGitApp;
				PRODUCT_NAME = "$(TARGET_NAME)";
				SWIFT_EMIT_LOC_STRINGS = YES;
				SWIFT_VERSION = 5.0;
				TARGETED_DEVICE_FAMILY = "1,2";
			};
			name = Debug;
		};
		A2BBFEFF2756D2D0007C7AD3 /* Release */ = {
			isa = XCBuildConfiguration;
			baseConfigurationReference = B595EA5DB6EA5E70AF206636 /* Pods-TestGitApp.release.xcconfig */;
			buildSettings = {
				ASSETCATALOG_COMPILER_APPICON_NAME = AppIcon;
				ASSETCATALOG_COMPILER_GLOBAL_ACCENT_COLOR_NAME = AccentColor;
				CODE_SIGN_STYLE = Automatic;
				CURRENT_PROJECT_VERSION = 1;
				DEVELOPMENT_TEAM = S75KQYF72G;
				GENERATE_INFOPLIST_FILE = YES;
				INFOPLIST_FILE = TestGitApp/Info.plist;
				INFOPLIST_KEY_UIApplicationSupportsIndirectInputEvents = YES;
				INFOPLIST_KEY_UILaunchStoryboardName = LaunchScreen;
				INFOPLIST_KEY_UIMainStoryboardFile = Main;
				INFOPLIST_KEY_UISupportedInterfaceOrientations_iPad = "UIInterfaceOrientationPortrait UIInterfaceOrientationPortraitUpsideDown UIInterfaceOrientationLandscapeLeft UIInterfaceOrientationLandscapeRight";
				INFOPLIST_KEY_UISupportedInterfaceOrientations_iPhone = "UIInterfaceOrientationPortrait UIInterfaceOrientationLandscapeLeft UIInterfaceOrientationLandscapeRight";
				LD_RUNPATH_SEARCH_PATHS = (
					"$(inherited)",
					"@executable_path/Frameworks",
				);
				MARKETING_VERSION = 1.0;
				PRODUCT_BUNDLE_IDENTIFIER = ITIS.TestGitApp;
				PRODUCT_NAME = "$(TARGET_NAME)";
				SWIFT_EMIT_LOC_STRINGS = YES;
				SWIFT_VERSION = 5.0;
				TARGETED_DEVICE_FAMILY = "1,2";
			};
			name = Release;
		};
/* End XCBuildConfiguration section */

/* Begin XCConfigurationList section */
		A2BBFEE42756D2D0007C7AD3 /* Build configuration list for PBXProject "TestGitApp" */ = {
			isa = XCConfigurationList;
			buildConfigurations = (
				A2BBFEFB2756D2D0007C7AD3 /* Debug */,
				A2BBFEFC2756D2D0007C7AD3 /* Release */,
			);
			defaultConfigurationIsVisible = 0;
			defaultConfigurationName = Release;
		};
		A2BBFEFD2756D2D0007C7AD3 /* Build configuration list for PBXNativeTarget "TestGitApp" */ = {
			isa = XCConfigurationList;
			buildConfigurations = (
				A2BBFEFE2756D2D0007C7AD3 /* Debug */,
				A2BBFEFF2756D2D0007C7AD3 /* Release */,
			);
			defaultConfigurationIsVisible = 0;
			defaultConfigurationName = Release;
		};
/* End XCConfigurationList section */
	};
	rootObject = A2BBFEE12756D2D0007C7AD3 /* Project object */;
}
